
Microsoft Visual Studio Solution File, Format Version 12.00
# Visual Studio 15
VisualStudioVersion = 15.0.27130.2024
MinimumVisualStudioVersion = 10.0.40219.1
Project("{8BC9CEB8-8B4A-11D0-8D11-00A0C91BC942}") = "exeption", "exeption\exeption.vcxproj", "{AE454AAF-BB01-4069-8454-B173EC5FCB52}"
EndProject
Global
	GlobalSection(SolutionConfigurationPlatforms) = preSolution
		Debug|x64 = Debug|x64
		Debug|x86 = Debug|x86
		Release|x64 = Release|x64
		Release|x86 = Release|x86
	EndGlobalSection
	GlobalSection(ProjectConfigurationPlatforms) = postSolution
		{AE454AAF-BB01-4069-8454-B173EC5FCB52}.Debug|x64.ActiveCfg = Debug|x64
		{AE454AAF-BB01-4069-8454-B173EC5FCB52}.Debug|x64.Build.0 = Debug|x64
		{AE454AAF-BB01-4069-8454-B173EC5FCB52}.Debug|x86.ActiveCfg = Debug|Win32
		{AE454AAF-BB01-4069-8454-B173EC5FCB52}.Debug|x86.Build.0 = Debug|Win32
		{AE454AAF-BB01-4069-8454-B173EC5FCB52}.Release|x64.ActiveCfg = Release|x64
		{AE454AAF-BB01-4069-8454-B173EC5FCB52}.Release|x64.Build.0 = Release|x64
		{AE454AAF-BB01-4069-8454-B173EC5FCB52}.Release|x86.ActiveCfg = Release|Win32
		{AE454AAF-BB01-4069-8454-B173EC5FCB52}.Release|x86.Build.0 = Release|Win32
	EndGlobalSection
	GlobalSection(SolutionProperties) = preSolution
		HideSolutionNode = FALSE
	EndGlobalSection
	GlobalSection(ExtensibilityGlobals) = postSolution
		SolutionGuid = {8F355812-BEEE-478F-8B93-9C70D70CFD7E}
	EndGlobalSection
EndGlobal
