
Microsoft Visual Studio Solution File, Format Version 12.00
# Visual Studio 15
VisualStudioVersion = 15.0.27130.2024
MinimumVisualStudioVersion = 10.0.40219.1
Project("{8BC9CEB8-8B4A-11D0-8D11-00A0C91BC942}") = "OOP_18", "OOP_18\OOP_18.vcxproj", "{701508D9-B50B-400C-BB4D-EE66E2074CA6}"
EndProject
Global
	GlobalSection(SolutionConfigurationPlatforms) = preSolution
		Debug|x64 = Debug|x64
		Debug|x86 = Debug|x86
		Release|x64 = Release|x64
		Release|x86 = Release|x86
	EndGlobalSection
	GlobalSection(ProjectConfigurationPlatforms) = postSolution
		{701508D9-B50B-400C-BB4D-EE66E2074CA6}.Debug|x64.ActiveCfg = Debug|x64
		{701508D9-B50B-400C-BB4D-EE66E2074CA6}.Debug|x64.Build.0 = Debug|x64
		{701508D9-B50B-400C-BB4D-EE66E2074CA6}.Debug|x86.ActiveCfg = Debug|Win32
		{701508D9-B50B-400C-BB4D-EE66E2074CA6}.Debug|x86.Build.0 = Debug|Win32
		{701508D9-B50B-400C-BB4D-EE66E2074CA6}.Release|x64.ActiveCfg = Release|x64
		{701508D9-B50B-400C-BB4D-EE66E2074CA6}.Release|x64.Build.0 = Release|x64
		{701508D9-B50B-400C-BB4D-EE66E2074CA6}.Release|x86.ActiveCfg = Release|Win32
		{701508D9-B50B-400C-BB4D-EE66E2074CA6}.Release|x86.Build.0 = Release|Win32
	EndGlobalSection
	GlobalSection(SolutionProperties) = preSolution
		HideSolutionNode = FALSE
	EndGlobalSection
	GlobalSection(ExtensibilityGlobals) = postSolution
		SolutionGuid = {8527E8D8-2446-4D83-BDF5-222ED63AE47B}
	EndGlobalSection
EndGlobal
